// !$*UTF8*$!
{
	archiveVersion = 1;
	classes = {
	};
	objectVersion = 55;
	objects = {

/* Begin PBXBuildFile section */
		9D0D1B9F27300584001173C9 /* AppDelegate.swift in Sources */ = {isa = PBXBuildFile; fileRef = 9D0D1B9E27300584001173C9 /* AppDelegate.swift */; };
		9D0D1BA127300584001173C9 /* SceneDelegate.swift in Sources */ = {isa = PBXBuildFile; fileRef = 9D0D1BA027300584001173C9 /* SceneDelegate.swift */; };
		9D0D1BA327300584001173C9 /* ViewController.swift in Sources */ = {isa = PBXBuildFile; fileRef = 9D0D1BA227300584001173C9 /* ViewController.swift */; };
		9D0D1BA627300584001173C9 /* Main.storyboard in Resources */ = {isa = PBXBuildFile; fileRef = 9D0D1BA427300584001173C9 /* Main.storyboard */; };
		9D0D1BA827300585001173C9 /* Assets.xcassets in Resources */ = {isa = PBXBuildFile; fileRef = 9D0D1BA727300585001173C9 /* Assets.xcassets */; };
		9D0D1BAB27300585001173C9 /* LaunchScreen.storyboard in Resources */ = {isa = PBXBuildFile; fileRef = 9D0D1BA927300585001173C9 /* LaunchScreen.storyboard */; };
		9D0D1BB627300585001173C9 /* User_Defaults_ViewcontrollerTests.swift in Sources */ = {isa = PBXBuildFile; fileRef = 9D0D1BB527300585001173C9 /* User_Defaults_ViewcontrollerTests.swift */; };
		9D0D1BC027300585001173C9 /* User_Defaults_ViewcontrollerUITests.swift in Sources */ = {isa = PBXBuildFile; fileRef = 9D0D1BBF27300585001173C9 /* User_Defaults_ViewcontrollerUITests.swift */; };
		9D0D1BC227300585001173C9 /* User_Defaults_ViewcontrollerUITestsLaunchTests.swift in Sources */ = {isa = PBXBuildFile; fileRef = 9D0D1BC127300585001173C9 /* User_Defaults_ViewcontrollerUITestsLaunchTests.swift */; };
		9D0D1BCF273005B8001173C9 /* TableViewController.swift in Sources */ = {isa = PBXBuildFile; fileRef = 9D0D1BCE273005B8001173C9 /* TableViewController.swift */; };
/* End PBXBuildFile section */

/* Begin PBXContainerItemProxy section */
		9D0D1BB227300585001173C9 /* PBXContainerItemProxy */ = {
			isa = PBXContainerItemProxy;
			containerPortal = 9D0D1B9327300584001173C9 /* Project object */;
			proxyType = 1;
			remoteGlobalIDString = 9D0D1B9A27300584001173C9;
			remoteInfo = "User Defaults Viewcontroller";
		};
		9D0D1BBC27300585001173C9 /* PBXContainerItemProxy */ = {
			isa = PBXContainerItemProxy;
			containerPortal = 9D0D1B9327300584001173C9 /* Project object */;
			proxyType = 1;
			remoteGlobalIDString = 9D0D1B9A27300584001173C9;
			remoteInfo = "User Defaults Viewcontroller";
		};
/* End PBXContainerItemProxy section */

/* Begin PBXFileReference section */
		9D0D1B9B27300584001173C9 /* User Defaults Viewcontroller.app */ = {isa = PBXFileReference; explicitFileType = wrapper.application; includeInIndex = 0; path = "User Defaults Viewcontroller.app"; sourceTree = BUILT_PRODUCTS_DIR; };
		9D0D1B9E27300584001173C9 /* AppDelegate.swift */ = {isa = PBXFileReference; lastKnownFileType = sourcecode.swift; path = AppDelegate.swift; sourceTree = "<group>"; };
		9D0D1BA027300584001173C9 /* SceneDelegate.swift */ = {isa = PBXFileReference; lastKnownFileType = sourcecode.swift; path = SceneDelegate.swift; sourceTree = "<group>"; };
		9D0D1BA227300584001173C9 /* ViewController.swift */ = {isa = PBXFileReference; lastKnownFileType = sourcecode.swift; path = ViewController.swift; sourceTree = "<group>"; };
		9D0D1BA527300584001173C9 /* Base */ = {isa = PBXFileReference; lastKnownFileType = file.storyboard; name = Base; path = Base.lproj/Main.storyboard; sourceTree = "<group>"; };
		9D0D1BA727300585001173C9 /* Assets.xcassets */ = {isa = PBXFileReference; lastKnownFileType = folder.assetcatalog; path = Assets.xcassets; sourceTree = "<group>"; };
		9D0D1BAA27300585001173C9 /* Base */ = {isa = PBXFileReference; lastKnownFileType = file.storyboard; name = Base; path = Base.lproj/LaunchScreen.storyboard; sourceTree = "<group>"; };
		9D0D1BAC27300585001173C9 /* Info.plist */ = {isa = PBXFileReference; lastKnownFileType = text.plist.xml; path = Info.plist; sourceTree = "<group>"; };
		9D0D1BB127300585001173C9 /* User Defaults ViewcontrollerTests.xctest */ = {isa = PBXFileReference; explicitFileType = wrapper.cfbundle; includeInIndex = 0; path = "User Defaults ViewcontrollerTests.xctest"; sourceTree = BUILT_PRODUCTS_DIR; };
		9D0D1BB527300585001173C9 /* User_Defaults_ViewcontrollerTests.swift */ = {isa = PBXFileReference; lastKnownFileType = sourcecode.swift; path = User_Defaults_ViewcontrollerTests.swift; sourceTree = "<group>"; };
		9D0D1BBB27300585001173C9 /* User Defaults ViewcontrollerUITests.xctest */ = {isa = PBXFileReference; explicitFileType = wrapper.cfbundle; includeInIndex = 0; path = "User Defaults ViewcontrollerUITests.xctest"; sourceTree = BUILT_PRODUCTS_DIR; };
		9D0D1BBF27300585001173C9 /* User_Defaults_ViewcontrollerUITests.swift */ = {isa = PBXFileReference; lastKnownFileType = sourcecode.swift; path = User_Defaults_ViewcontrollerUITests.swift; sourceTree = "<group>"; };
		9D0D1BC127300585001173C9 /* User_Defaults_ViewcontrollerUITestsLaunchTests.swift */ = {isa = PBXFileReference; lastKnownFileType = sourcecode.swift; path = User_Defaults_ViewcontrollerUITestsLaunchTests.swift; sourceTree = "<group>"; };
		9D0D1BCE273005B8001173C9 /* TableViewController.swift */ = {isa = PBXFileReference; lastKnownFileType = sourcecode.swift; path = TableViewController.swift; sourceTree = "<group>"; };
/* End PBXFileReference section */

/* Begin PBXFrameworksBuildPhase section */
		9D0D1B9827300584001173C9 /* Frameworks */ = {
			isa = PBXFrameworksBuildPhase;
			buildActionMask = 2147483647;
			files = (
			);
			runOnlyForDeploymentPostprocessing = 0;
		};
		9D0D1BAE27300585001173C9 /* Frameworks */ = {
			isa = PBXFrameworksBuildPhase;
			buildActionMask = 2147483647;
			files = (
			);
			runOnlyForDeploymentPostprocessing = 0;
		};
		9D0D1BB827300585001173C9 /* Frameworks */ = {
			isa = PBXFrameworksBuildPhase;
			buildActionMask = 2147483647;
			files = (
			);
			runOnlyForDeploymentPostprocessing = 0;
		};
/* End PBXFrameworksBuildPhase section */

/* Begin PBXGroup section */
		9D0D1B9227300584001173C9 = {
			isa = PBXGroup;
			children = (
				9D0D1B9D27300584001173C9 /* User Defaults Viewcontroller */,
				9D0D1BB427300585001173C9 /* User Defaults ViewcontrollerTests */,
				9D0D1BBE27300585001173C9 /* User Defaults ViewcontrollerUITests */,
				9D0D1B9C27300584001173C9 /* Products */,
			);
			sourceTree = "<group>";
		};
		9D0D1B9C27300584001173C9 /* Products */ = {
			isa = PBXGroup;
			children = (
				9D0D1B9B27300584001173C9 /* User Defaults Viewcontroller.app */,
				9D0D1BB127300585001173C9 /* User Defaults ViewcontrollerTests.xctest */,
				9D0D1BBB27300585001173C9 /* User Defaults ViewcontrollerUITests.xctest */,
			);
			name = Products;
			sourceTree = "<group>";
		};
		9D0D1B9D27300584001173C9 /* User Defaults Viewcontroller */ = {
			isa = PBXGroup;
			children = (
				9D0D1B9E27300584001173C9 /* AppDelegate.swift */,
				9D0D1BA027300584001173C9 /* SceneDelegate.swift */,
				9D0D1BA227300584001173C9 /* ViewController.swift */,
				9D0D1BCE273005B8001173C9 /* TableViewController.swift */,
				9D0D1BA427300584001173C9 /* Main.storyboard */,
				9D0D1BA727300585001173C9 /* Assets.xcassets */,
				9D0D1BA927300585001173C9 /* LaunchScreen.storyboard */,
				9D0D1BAC27300585001173C9 /* Info.plist */,
			);
			path = "User Defaults Viewcontroller";
			sourceTree = "<group>";
		};
		9D0D1BB427300585001173C9 /* User Defaults ViewcontrollerTests */ = {
			isa = PBXGroup;
			children = (
				9D0D1BB527300585001173C9 /* User_Defaults_ViewcontrollerTests.swift */,
			);
			path = "User Defaults ViewcontrollerTests";
			sourceTree = "<group>";
		};
		9D0D1BBE27300585001173C9 /* User Defaults ViewcontrollerUITests */ = {
			isa = PBXGroup;
			children = (
				9D0D1BBF27300585001173C9 /* User_Defaults_ViewcontrollerUITests.swift */,
				9D0D1BC127300585001173C9 /* User_Defaults_ViewcontrollerUITestsLaunchTests.swift */,
			);
			path = "User Defaults ViewcontrollerUITests";
			sourceTree = "<group>";
		};
/* End PBXGroup section */

/* Begin PBXNativeTarget section */
		9D0D1B9A27300584001173C9 /* User Defaults Viewcontroller */ = {
			isa = PBXNativeTarget;
			buildConfigurationList = 9D0D1BC527300585001173C9 /* Build configuration list for PBXNativeTarget "User Defaults Viewcontroller" */;
			buildPhases = (
				9D0D1B9727300584001173C9 /* Sources */,
				9D0D1B9827300584001173C9 /* Frameworks */,
				9D0D1B9927300584001173C9 /* Resources */,
			);
			buildRules = (
			);
			dependencies = (
			);
			name = "User Defaults Viewcontroller";
			productName = "User Defaults Viewcontroller";
			productReference = 9D0D1B9B27300584001173C9 /* User Defaults Viewcontroller.app */;
			productType = "com.apple.product-type.application";
		};
		9D0D1BB027300585001173C9 /* User Defaults ViewcontrollerTests */ = {
			isa = PBXNativeTarget;
			buildConfigurationList = 9D0D1BC827300585001173C9 /* Build configuration list for PBXNativeTarget "User Defaults ViewcontrollerTests" */;
			buildPhases = (
				9D0D1BAD27300585001173C9 /* Sources */,
				9D0D1BAE27300585001173C9 /* Frameworks */,
				9D0D1BAF27300585001173C9 /* Resources */,
			);
			buildRules = (
			);
			dependencies = (
				9D0D1BB327300585001173C9 /* PBXTargetDependency */,
			);
			name = "User Defaults ViewcontrollerTests";
			productName = "User Defaults ViewcontrollerTests";
			productReference = 9D0D1BB127300585001173C9 /* User Defaults ViewcontrollerTests.xctest */;
			productType = "com.apple.product-type.bundle.unit-test";
		};
		9D0D1BBA27300585001173C9 /* User Defaults ViewcontrollerUITests */ = {
			isa = PBXNativeTarget;
			buildConfigurationList = 9D0D1BCB27300585001173C9 /* Build configuration list for PBXNativeTarget "User Defaults ViewcontrollerUITests" */;
			buildPhases = (
				9D0D1BB727300585001173C9 /* Sources */,
				9D0D1BB827300585001173C9 /* Frameworks */,
				9D0D1BB927300585001173C9 /* Resources */,
			);
			buildRules = (
			);
			dependencies = (
				9D0D1BBD27300585001173C9 /* PBXTargetDependency */,
			);
			name = "User Defaults ViewcontrollerUITests";
			productName = "User Defaults ViewcontrollerUITests";
			productReference = 9D0D1BBB27300585001173C9 /* User Defaults ViewcontrollerUITests.xctest */;
			productType = "com.apple.product-type.bundle.ui-testing";
		};
/* End PBXNativeTarget section */

/* Begin PBXProject section */
		9D0D1B9327300584001173C9 /* Project object */ = {
			isa = PBXProject;
			attributes = {
				BuildIndependentTargetsInParallel = 1;
				LastSwiftUpdateCheck = 1310;
				LastUpgradeCheck = 1310;
				TargetAttributes = {
					9D0D1B9A27300584001173C9 = {
						CreatedOnToolsVersion = 13.1;
					};
					9D0D1BB027300585001173C9 = {
						CreatedOnToolsVersion = 13.1;
						TestTargetID = 9D0D1B9A27300584001173C9;
					};
					9D0D1BBA27300585001173C9 = {
						CreatedOnToolsVersion = 13.1;
						TestTargetID = 9D0D1B9A27300584001173C9;
					};
				};
			};
			buildConfigurationList = 9D0D1B9627300584001173C9 /* Build configuration list for PBXProject "User Defaults Viewcontroller" */;
			compatibilityVersion = "Xcode 13.0";
			developmentRegion = en;
			hasScannedForEncodings = 0;
			knownRegions = (
				en,
				Base,
			);
			mainGroup = 9D0D1B9227300584001173C9;
			productRefGroup = 9D0D1B9C27300584001173C9 /* Products */;
			projectDirPath = "";
			projectRoot = "";
			targets = (
				9D0D1B9A27300584001173C9 /* User Defaults Viewcontroller */,
				9D0D1BB027300585001173C9 /* User Defaults ViewcontrollerTests */,
				9D0D1BBA27300585001173C9 /* User Defaults ViewcontrollerUITests */,
			);
		};
/* End PBXProject section */

/* Begin PBXResourcesBuildPhase section */
		9D0D1B9927300584001173C9 /* Resources */ = {
			isa = PBXResourcesBuildPhase;
			buildActionMask = 2147483647;
			files = (
				9D0D1BAB27300585001173C9 /* LaunchScreen.storyboard in Resources */,
				9D0D1BA827300585001173C9 /* Assets.xcassets in Resources */,
				9D0D1BA627300584001173C9 /* Main.storyboard in Resources */,
			);
			runOnlyForDeploymentPostprocessing = 0;
		};
		9D0D1BAF27300585001173C9 /* Resources */ = {
			isa = PBXResourcesBuildPhase;
			buildActionMask = 2147483647;
			files = (
			);
			runOnlyForDeploymentPostprocessing = 0;
		};
		9D0D1BB927300585001173C9 /* Resources */ = {
			isa = PBXResourcesBuildPhase;
			buildActionMask = 2147483647;
			files = (
			);
			runOnlyForDeploymentPostprocessing = 0;
		};
/* End PBXResourcesBuildPhase section */

/* Begin PBXSourcesBuildPhase section */
		9D0D1B9727300584001173C9 /* Sources */ = {
			isa = PBXSourcesBuildPhase;
			buildActionMask = 2147483647;
			files = (
				9D0D1BA327300584001173C9 /* ViewController.swift in Sources */,
				9D0D1B9F27300584001173C9 /* AppDelegate.swift in Sources */,
				9D0D1BA127300584001173C9 /* SceneDelegate.swift in Sources */,
				9D0D1BCF273005B8001173C9 /* TableViewController.swift in Sources */,
			);
			runOnlyForDeploymentPostprocessing = 0;
		};
		9D0D1BAD27300585001173C9 /* Sources */ = {
			isa = PBXSourcesBuildPhase;
			buildActionMask = 2147483647;
			files = (
				9D0D1BB627300585001173C9 /* User_Defaults_ViewcontrollerTests.swift in Sources */,
			);
			runOnlyForDeploymentPostprocessing = 0;
		};
		9D0D1BB727300585001173C9 /* Sources */ = {
			isa = PBXSourcesBuildPhase;
			buildActionMask = 2147483647;
			files = (
				9D0D1BC227300585001173C9 /* User_Defaults_ViewcontrollerUITestsLaunchTests.swift in Sources */,
				9D0D1BC027300585001173C9 /* User_Defaults_ViewcontrollerUITests.swift in Sources */,
			);
			runOnlyForDeploymentPostprocessing = 0;
		};
/* End PBXSourcesBuildPhase section */

/* Begin PBXTargetDependency section */
		9D0D1BB327300585001173C9 /* PBXTargetDependency */ = {
			isa = PBXTargetDependency;
			target = 9D0D1B9A27300584001173C9 /* User Defaults Viewcontroller */;
			targetProxy = 9D0D1BB227300585001173C9 /* PBXContainerItemProxy */;
		};
		9D0D1BBD27300585001173C9 /* PBXTargetDependency */ = {
			isa = PBXTargetDependency;
			target = 9D0D1B9A27300584001173C9 /* User Defaults Viewcontroller */;
			targetProxy = 9D0D1BBC27300585001173C9 /* PBXContainerItemProxy */;
		};
/* End PBXTargetDependency section */

/* Begin PBXVariantGroup section */
		9D0D1BA427300584001173C9 /* Main.storyboard */ = {
			isa = PBXVariantGroup;
			children = (
				9D0D1BA527300584001173C9 /* Base */,
			);
			name = Main.storyboard;
			sourceTree = "<group>";
		};
		9D0D1BA927300585001173C9 /* LaunchScreen.storyboard */ = {
			isa = PBXVariantGroup;
			children = (
				9D0D1BAA27300585001173C9 /* Base */,
			);
			name = LaunchScreen.storyboard;
			sourceTree = "<group>";
		};
/* End PBXVariantGroup section */

/* Begin XCBuildConfiguration section */
		9D0D1BC327300585001173C9 /* Debug */ = {
			isa = XCBuildConfiguration;
			buildSettings = {
				ALWAYS_SEARCH_USER_PATHS = NO;
				CLANG_ANALYZER_NONNULL = YES;
				CLANG_ANALYZER_NUMBER_OBJECT_CONVERSION = YES_AGGRESSIVE;
				CLANG_CXX_LANGUAGE_STANDARD = "gnu++17";
				CLANG_CXX_LIBRARY = "libc++";
				CLANG_ENABLE_MODULES = YES;
				CLANG_ENABLE_OBJC_ARC = YES;
				CLANG_ENABLE_OBJC_WEAK = YES;
				CLANG_WARN_BLOCK_CAPTURE_AUTORELEASING = YES;
				CLANG_WARN_BOOL_CONVERSION = YES;
				CLANG_WARN_COMMA = YES;
				CLANG_WARN_CONSTANT_CONVERSION = YES;
				CLANG_WARN_DEPRECATED_OBJC_IMPLEMENTATIONS = YES;
				CLANG_WARN_DIRECT_OBJC_ISA_USAGE = YES_ERROR;
				CLANG_WARN_DOCUMENTATION_COMMENTS = YES;
				CLANG_WARN_EMPTY_BODY = YES;
				CLANG_WARN_ENUM_CONVERSION = YES;
				CLANG_WARN_INFINITE_RECURSION = YES;
				CLANG_WARN_INT_CONVERSION = YES;
				CLANG_WARN_NON_LITERAL_NULL_CONVERSION = YES;
				CLANG_WARN_OBJC_IMPLICIT_RETAIN_SELF = YES;
				CLANG_WARN_OBJC_LITERAL_CONVERSION = YES;
				CLANG_WARN_OBJC_ROOT_CLASS = YES_ERROR;
				CLANG_WARN_QUOTED_INCLUDE_IN_FRAMEWORK_HEADER = YES;
				CLANG_WARN_RANGE_LOOP_ANALYSIS = YES;
				CLANG_WARN_STRICT_PROTOTYPES = YES;
				CLANG_WARN_SUSPICIOUS_MOVE = YES;
				CLANG_WARN_UNGUARDED_AVAILABILITY = YES_AGGRESSIVE;
				CLANG_WARN_UNREACHABLE_CODE = YES;
				CLANG_WARN__DUPLICATE_METHOD_MATCH = YES;
				COPY_PHASE_STRIP = NO;
				DEBUG_INFORMATION_FORMAT = dwarf;
				ENABLE_STRICT_OBJC_MSGSEND = YES;
				ENABLE_TESTABILITY = YES;
				GCC_C_LANGUAGE_STANDARD = gnu11;
				GCC_DYNAMIC_NO_PIC = NO;
				GCC_NO_COMMON_BLOCKS = YES;
				GCC_OPTIMIZATION_LEVEL = 0;
				GCC_PREPROCESSOR_DEFINITIONS = (
					"DEBUG=1",
					"$(inherited)",
				);
				GCC_WARN_64_TO_32_BIT_CONVERSION = YES;
				GCC_WARN_ABOUT_RETURN_TYPE = YES_ERROR;
				GCC_WARN_UNDECLARED_SELECTOR = YES;
				GCC_WARN_UNINITIALIZED_AUTOS = YES_AGGRESSIVE;
				GCC_WARN_UNUSED_FUNCTION = YES;
				GCC_WARN_UNUSED_VARIABLE = YES;
				IPHONEOS_DEPLOYMENT_TARGET = 15.0;
				MTL_ENABLE_DEBUG_INFO = INCLUDE_SOURCE;
				MTL_FAST_MATH = YES;
				ONLY_ACTIVE_ARCH = YES;
				SDKROOT = iphoneos;
				SWIFT_ACTIVE_COMPILATION_CONDITIONS = DEBUG;
				SWIFT_OPTIMIZATION_LEVEL = "-Onone";
			};
			name = Debug;
		};
		9D0D1BC427300585001173C9 /* Release */ = {
			isa = XCBuildConfiguration;
			buildSettings = {
				ALWAYS_SEARCH_USER_PATHS = NO;
				CLANG_ANALYZER_NONNULL = YES;
				CLANG_ANALYZER_NUMBER_OBJECT_CONVERSION = YES_AGGRESSIVE;
				CLANG_CXX_LANGUAGE_STANDARD = "gnu++17";
				CLANG_CXX_LIBRARY = "libc++";
				CLANG_ENABLE_MODULES = YES;
				CLANG_ENABLE_OBJC_ARC = YES;
				CLANG_ENABLE_OBJC_WEAK = YES;
				CLANG_WARN_BLOCK_CAPTURE_AUTORELEASING = YES;
				CLANG_WARN_BOOL_CONVERSION = YES;
				CLANG_WARN_COMMA = YES;
				CLANG_WARN_CONSTANT_CONVERSION = YES;
				CLANG_WARN_DEPRECATED_OBJC_IMPLEMENTATIONS = YES;
				CLANG_WARN_DIRECT_OBJC_ISA_USAGE = YES_ERROR;
				CLANG_WARN_DOCUMENTATION_COMMENTS = YES;
				CLANG_WARN_EMPTY_BODY = YES;
				CLANG_WARN_ENUM_CONVERSION = YES;
				CLANG_WARN_INFINITE_RECURSION = YES;
				CLANG_WARN_INT_CONVERSION = YES;
				CLANG_WARN_NON_LITERAL_NULL_CONVERSION = YES;
				CLANG_WARN_OBJC_IMPLICIT_RETAIN_SELF = YES;
				CLANG_WARN_OBJC_LITERAL_CONVERSION = YES;
				CLANG_WARN_OBJC_ROOT_CLASS = YES_ERROR;
				CLANG_WARN_QUOTED_INCLUDE_IN_FRAMEWORK_HEADER = YES;
				CLANG_WARN_RANGE_LOOP_ANALYSIS = YES;
				CLANG_WARN_STRICT_PROTOTYPES = YES;
				CLANG_WARN_SUSPICIOUS_MOVE = YES;
				CLANG_WARN_UNGUARDED_AVAILABILITY = YES_AGGRESSIVE;
				CLANG_WARN_UNREACHABLE_CODE = YES;
				CLANG_WARN__DUPLICATE_METHOD_MATCH = YES;
				COPY_PHASE_STRIP = NO;
				DEBUG_INFORMATION_FORMAT = "dwarf-with-dsym";
				ENABLE_NS_ASSERTIONS = NO;
				ENABLE_STRICT_OBJC_MSGSEND = YES;
				GCC_C_LANGUAGE_STANDARD = gnu11;
				GCC_NO_COMMON_BLOCKS = YES;
				GCC_WARN_64_TO_32_BIT_CONVERSION = YES;
				GCC_WARN_ABOUT_RETURN_TYPE = YES_ERROR;
				GCC_WARN_UNDECLARED_SELECTOR = YES;
				GCC_WARN_UNINITIALIZED_AUTOS = YES_AGGRESSIVE;
				GCC_WARN_UNUSED_FUNCTION = YES;
				GCC_WARN_UNUSED_VARIABLE = YES;
				IPHONEOS_DEPLOYMENT_TARGET = 15.0;
				MTL_ENABLE_DEBUG_INFO = NO;
				MTL_FAST_MATH = YES;
				SDKROOT = iphoneos;
				SWIFT_COMPILATION_MODE = wholemodule;
				SWIFT_OPTIMIZATION_LEVEL = "-O";
				VALIDATE_PRODUCT = YES;
			};
			name = Release;
		};
		9D0D1BC627300585001173C9 /* Debug */ = {
			isa = XCBuildConfiguration;
			buildSettings = {
				ASSETCATALOG_COMPILER_APPICON_NAME = AppIcon;
				ASSETCATALOG_COMPILER_GLOBAL_ACCENT_COLOR_NAME = AccentColor;
				CODE_SIGN_STYLE = Automatic;
				CURRENT_PROJECT_VERSION = 1;
				GENERATE_INFOPLIST_FILE = YES;
				INFOPLIST_FILE = "User Defaults Viewcontroller/Info.plist";
				INFOPLIST_KEY_UIApplicationSupportsIndirectInputEvents = YES;
				INFOPLIST_KEY_UILaunchStoryboardName = LaunchScreen;
				INFOPLIST_KEY_UIMainStoryboardFile = Main;
				INFOPLIST_KEY_UISupportedInterfaceOrientations_iPad = "UIInterfaceOrientationPortrait UIInterfaceOrientationPortraitUpsideDown UIInterfaceOrientationLandscapeLeft UIInterfaceOrientationLandscapeRight";
				INFOPLIST_KEY_UISupportedInterfaceOrientations_iPhone = "UIInterfaceOrientationPortrait UIInterfaceOrientationLandscapeLeft UIInterfaceOrientationLandscapeRight";
				LD_RUNPATH_SEARCH_PATHS = (
					"$(inherited)",
					"@executable_path/Frameworks",
				);
				MARKETING_VERSION = 1.0;
				PRODUCT_BUNDLE_IDENTIFIER = "com.googel.User-Defaults-Viewcontroller";
				PRODUCT_NAME = "$(TARGET_NAME)";
				SWIFT_EMIT_LOC_STRINGS = YES;
				SWIFT_VERSION = 5.0;
				TARGETED_DEVICE_FAMILY = "1,2";
			};
			name = Debug;
		};
		9D0D1BC727300585001173C9 /* Release */ = {
			isa = XCBuildConfiguration;
			buildSettings = {
				ASSETCATALOG_COMPILER_APPICON_NAME = AppIcon;
				ASSETCATALOG_COMPILER_GLOBAL_ACCENT_COLOR_NAME = AccentColor;
				CODE_SIGN_STYLE = Automatic;
				CURRENT_PROJECT_VERSION = 1;
				GENERATE_INFOPLIST_FILE = YES;
				INFOPLIST_FILE = "User Defaults Viewcontroller/Info.plist";
				INFOPLIST_KEY_UIApplicationSupportsIndirectInputEvents = YES;
				INFOPLIST_KEY_UILaunchStoryboardName = LaunchScreen;
				INFOPLIST_KEY_UIMainStoryboardFile = Main;
				INFOPLIST_KEY_UISupportedInterfaceOrientations_iPad = "UIInterfaceOrientationPortrait UIInterfaceOrientationPortraitUpsideDown UIInterfaceOrientationLandscapeLeft UIInterfaceOrientationLandscapeRight";
				INFOPLIST_KEY_UISupportedInterfaceOrientations_iPhone = "UIInterfaceOrientationPortrait UIInterfaceOrientationLandscapeLeft UIInterfaceOrientationLandscapeRight";
				LD_RUNPATH_SEARCH_PATHS = (
					"$(inherited)",
					"@executable_path/Frameworks",
				);
				MARKETING_VERSION = 1.0;
				PRODUCT_BUNDLE_IDENTIFIER = "com.googel.User-Defaults-Viewcontroller";
				PRODUCT_NAME = "$(TARGET_NAME)";
				SWIFT_EMIT_LOC_STRINGS = YES;
				SWIFT_VERSION = 5.0;
				TARGETED_DEVICE_FAMILY = "1,2";
			};
			name = Release;
		};
		9D0D1BC927300585001173C9 /* Debug */ = {
			isa = XCBuildConfiguration;
			buildSettings = {
				ALWAYS_EMBED_SWIFT_STANDARD_LIBRARIES = YES;
				BUNDLE_LOADER = "$(TEST_HOST)";
				CODE_SIGN_STYLE = Automatic;
				CURRENT_PROJECT_VERSION = 1;
				GENERATE_INFOPLIST_FILE = YES;
				IPHONEOS_DEPLOYMENT_TARGET = 15.0;
				LD_RUNPATH_SEARCH_PATHS = (
					"$(inherited)",
					"@executable_path/Frameworks",
					"@loader_path/Frameworks",
				);
				MARKETING_VERSION = 1.0;
				PRODUCT_BUNDLE_IDENTIFIER = "com.googel.User-Defaults-ViewcontrollerTests";
				PRODUCT_NAME = "$(TARGET_NAME)";
				SWIFT_EMIT_LOC_STRINGS = NO;
				SWIFT_VERSION = 5.0;
				TARGETED_DEVICE_FAMILY = "1,2";
				TEST_HOST = "$(BUILT_PRODUCTS_DIR)/User Defaults Viewcontroller.app/User Defaults Viewcontroller";
			};
			name = Debug;
		};
		9D0D1BCA27300585001173C9 /* Release */ = {
			isa = XCBuildConfiguration;
			buildSettings = {
				ALWAYS_EMBED_SWIFT_STANDARD_LIBRARIES = YES;
				BUNDLE_LOADER = "$(TEST_HOST)";
				CODE_SIGN_STYLE = Automatic;
				CURRENT_PROJECT_VERSION = 1;
				GENERATE_INFOPLIST_FILE = YES;
				IPHONEOS_DEPLOYMENT_TARGET = 15.0;
				LD_RUNPATH_SEARCH_PATHS = (
					"$(inherited)",
					"@executable_path/Frameworks",
					"@loader_path/Frameworks",
				);
				MARKETING_VERSION = 1.0;
				PRODUCT_BUNDLE_IDENTIFIER = "com.googel.User-Defaults-ViewcontrollerTests";
				PRODUCT_NAME = "$(TARGET_NAME)";
				SWIFT_EMIT_LOC_STRINGS = NO;
				SWIFT_VERSION = 5.0;
				TARGETED_DEVICE_FAMILY = "1,2";
				TEST_HOST = "$(BUILT_PRODUCTS_DIR)/User Defaults Viewcontroller.app/User Defaults Viewcontroller";
			};
			name = Release;
		};
		9D0D1BCC27300585001173C9 /* Debug */ = {
			isa = XCBuildConfiguration;
			buildSettings = {
				ALWAYS_EMBED_SWIFT_STANDARD_LIBRARIES = YES;
				CODE_SIGN_STYLE = Automatic;
				CURRENT_PROJECT_VERSION = 1;
				GENERATE_INFOPLIST_FILE = YES;
				LD_RUNPATH_SEARCH_PATHS = (
					"$(inherited)",
					"@executable_path/Frameworks",
					"@loader_path/Frameworks",
				);
				MARKETING_VERSION = 1.0;
				PRODUCT_BUNDLE_IDENTIFIER = "com.googel.User-Defaults-ViewcontrollerUITests";
				PRODUCT_NAME = "$(TARGET_NAME)";
				SWIFT_EMIT_LOC_STRINGS = NO;
				SWIFT_VERSION = 5.0;
				TARGETED_DEVICE_FAMILY = "1,2";
				TEST_TARGET_NAME = "User Defaults Viewcontroller";
			};
			name = Debug;
		};
		9D0D1BCD27300585001173C9 /* Release */ = {
			isa = XCBuildConfiguration;
			buildSettings = {
				ALWAYS_EMBED_SWIFT_STANDARD_LIBRARIES = YES;
				CODE_SIGN_STYLE = Automatic;
				CURRENT_PROJECT_VERSION = 1;
				GENERATE_INFOPLIST_FILE = YES;
				LD_RUNPATH_SEARCH_PATHS = (
					"$(inherited)",
					"@executable_path/Frameworks",
					"@loader_path/Frameworks",
				);
				MARKETING_VERSION = 1.0;
				PRODUCT_BUNDLE_IDENTIFIER = "com.googel.User-Defaults-ViewcontrollerUITests";
				PRODUCT_NAME = "$(TARGET_NAME)";
				SWIFT_EMIT_LOC_STRINGS = NO;
				SWIFT_VERSION = 5.0;
				TARGETED_DEVICE_FAMILY = "1,2";
				TEST_TARGET_NAME = "User Defaults Viewcontroller";
			};
			name = Release;
		};
/* End XCBuildConfiguration section */

/* Begin XCConfigurationList section */
		9D0D1B9627300584001173C9 /* Build configuration list for PBXProject "User Defaults Viewcontroller" */ = {
			isa = XCConfigurationList;
			buildConfigurations = (
				9D0D1BC327300585001173C9 /* Debug */,
				9D0D1BC427300585001173C9 /* Release */,
			);
			defaultConfigurationIsVisible = 0;
			defaultConfigurationName = Release;
		};
		9D0D1BC527300585001173C9 /* Build configuration list for PBXNativeTarget "User Defaults Viewcontroller" */ = {
			isa = XCConfigurationList;
			buildConfigurations = (
				9D0D1BC627300585001173C9 /* Debug */,
				9D0D1BC727300585001173C9 /* Release */,
			);
			defaultConfigurationIsVisible = 0;
			defaultConfigurationName = Release;
		};
		9D0D1BC827300585001173C9 /* Build configuration list for PBXNativeTarget "User Defaults ViewcontrollerTests" */ = {
			isa = XCConfigurationList;
			buildConfigurations = (
				9D0D1BC927300585001173C9 /* Debug */,
				9D0D1BCA27300585001173C9 /* Release */,
			);
			defaultConfigurationIsVisible = 0;
			defaultConfigurationName = Release;
		};
		9D0D1BCB27300585001173C9 /* Build configuration list for PBXNativeTarget "User Defaults ViewcontrollerUITests" */ = {
			isa = XCConfigurationList;
			buildConfigurations = (
				9D0D1BCC27300585001173C9 /* Debug */,
				9D0D1BCD27300585001173C9 /* Release */,
			);
			defaultConfigurationIsVisible = 0;
			defaultConfigurationName = Release;
		};
/* End XCConfigurationList section */
	};
	rootObject = 9D0D1B9327300584001173C9 /* Project object */;
}
